
Microsoft Visual Studio Solution File, Format Version 11.00
# Visual Studio 2010
Project("{8BC9CEB8-8B4A-11D0-8D11-00A0C91BC942}") = "DirectLook", "DirectLook\DirectLook.vcxproj", "{D2314772-1DF6-4B75-B27F-24B508BC07E4}"
EndProject
Project("{2150E333-8FDC-42A3-9474-1A3956D46DE8}") = "Solution Items", "Solution Items", "{A84D9E01-1B56-48E9-BAEA-371A3919F8C5}"
EndProject
Global
	GlobalSection(SolutionConfigurationPlatforms) = preSolution
		Debug|Win32 = Debug|Win32
		Release|Win32 = Release|Win32
	EndGlobalSection
	GlobalSection(ProjectConfigurationPlatforms) = postSolution
		{D2314772-1DF6-4B75-B27F-24B508BC07E4}.Debug|Win32.ActiveCfg = Debug|Win32
		{D2314772-1DF6-4B75-B27F-24B508BC07E4}.Debug|Win32.Build.0 = Debug|Win32
		{D2314772-1DF6-4B75-B27F-24B508BC07E4}.Release|Win32.ActiveCfg = Release|Win32
		{D2314772-1DF6-4B75-B27F-24B508BC07E4}.Release|Win32.Build.0 = Release|Win32
	EndGlobalSection
	GlobalSection(SolutionProperties) = preSolution
		HideSolutionNode = FALSE
	EndGlobalSection
EndGlobal
